{
  "nodes": {
    "command-line-tools-for-xcode-nix": {
      "inputs": {
        "flake-parts": [
          "xcode-nix",
          "unxip-nix",
          "flake-parts"
        ],
        "git-hooks": [
          "xcode-nix",
          "unxip-nix",
          "git-hooks"
        ],
        "nixpkgs": [
          "xcode-nix",
          "unxip-nix",
          "nixpkgs"
        ],
        "systems": [
          "xcode-nix",
          "unxip-nix",
          "systems"
        ],
        "treefmt-nix": [
          "xcode-nix",
          "unxip-nix",
          "treefmt-nix"
        ]
      },
      "locked": {
        "lastModified": 1726089984,
        "narHash": "sha256-f8O3BLl4umE51NqTG6C8EtyQE8dLvtkGYUWGohQIIW8=",
        "ref": "refs/heads/main",
        "rev": "0fe0be35f639ab8f9263c332380fa56fbda9fbbe",
        "revCount": 4,
        "type": "git",
        "url": "ssh://git@github.com/marksisson/command-line-tools-for-xcode-nix"
      },
      "original": {
        "type": "git",
        "url": "ssh://git@github.com/marksisson/command-line-tools-for-xcode-nix"
      }
    },
    "flake-compat": {
      "flake": false,
      "locked": {
        "lastModified": 1696426674,
        "narHash": "sha256-kvjfFW7WAETZlt09AgDn1MrtKzP7t90Vf7vypd3OL1U=",
        "owner": "edolstra",
        "repo": "flake-compat",
        "rev": "0f9255e01c2351cc7d116c072cb317785dd33b33",
        "type": "github"
      },
      "original": {
        "owner": "edolstra",
        "repo": "flake-compat",
        "type": "github"
      }
    },
    "flake-parts": {
      "inputs": {
        "nixpkgs-lib": [
          "nixpkgs"
        ]
      },
      "locked": {
        "lastModified": 1725234343,
        "narHash": "sha256-+ebgonl3NbiKD2UD0x4BszCZQ6sTfL4xioaM49o5B3Y=",
        "owner": "hercules-ci",
        "repo": "flake-parts",
        "rev": "567b938d64d4b4112ee253b9274472dc3a346eb6",
        "type": "github"
      },
      "original": {
        "owner": "hercules-ci",
        "repo": "flake-parts",
        "type": "github"
      }
    },
    "git-hooks": {
      "inputs": {
        "flake-compat": "flake-compat",
        "gitignore": "gitignore",
        "nixpkgs": [
          "nixpkgs"
        ],
        "nixpkgs-stable": "nixpkgs-stable"
      },
      "locked": {
        "lastModified": 1725513492,
        "narHash": "sha256-tyMUA6NgJSvvQuzB7A1Sf8+0XCHyfSPRx/b00o6K0uo=",
        "owner": "cachix",
        "repo": "git-hooks.nix",
        "rev": "7570de7b9b504cfe92025dd1be797bf546f66528",
        "type": "github"
      },
      "original": {
        "owner": "cachix",
        "repo": "git-hooks.nix",
        "type": "github"
      }
    },
    "gitignore": {
      "inputs": {
        "nixpkgs": [
          "git-hooks",
          "nixpkgs"
        ]
      },
      "locked": {
        "lastModified": 1709087332,
        "narHash": "sha256-HG2cCnktfHsKV0s4XW83gU3F57gaTljL9KNSuG6bnQs=",
        "owner": "hercules-ci",
        "repo": "gitignore.nix",
        "rev": "637db329424fd7e46cf4185293b9cc8c88c95394",
        "type": "github"
      },
      "original": {
        "owner": "hercules-ci",
        "repo": "gitignore.nix",
        "type": "github"
      }
    },
    "nixpkgs": {
      "locked": {
        "lastModified": 1717179513,
        "narHash": "sha256-vboIEwIQojofItm2xGCdZCzW96U85l9nDW3ifMuAIdM=",
        "owner": "NixOS",
        "repo": "nixpkgs",
        "rev": "63dacb46bf939521bdc93981b4cbb7ecb58427a0",
        "type": "github"
      },
      "original": {
        "owner": "NixOS",
        "ref": "24.05",
        "repo": "nixpkgs",
        "type": "github"
      }
    },
    "nixpkgs-stable": {
      "locked": {
        "lastModified": 1720386169,
        "narHash": "sha256-NGKVY4PjzwAa4upkGtAMz1npHGoRzWotlSnVlqI40mo=",
        "owner": "NixOS",
        "repo": "nixpkgs",
        "rev": "194846768975b7ad2c4988bdb82572c00222c0d7",
        "type": "github"
      },
      "original": {
        "owner": "NixOS",
        "ref": "nixos-24.05",
        "repo": "nixpkgs",
        "type": "github"
      }
    },
    "root": {
      "inputs": {
        "flake-parts": "flake-parts",
        "git-hooks": "git-hooks",
        "nixpkgs": "nixpkgs",
        "systems": "systems",
        "treefmt-nix": "treefmt-nix",
        "xcode-nix": "xcode-nix"
      }
    },
    "systems": {
      "locked": {
        "lastModified": 1681028828,
        "narHash": "sha256-Vy1rq5AaRuLzOxct8nz4T6wlgyUR7zLU309k9mBC768=",
        "owner": "nix-systems",
        "repo": "default",
        "rev": "da67096a3b9bf56a91d16901293e51ba5b49a27e",
        "type": "github"
      },
      "original": {
        "owner": "nix-systems",
        "repo": "default",
        "type": "github"
      }
    },
    "treefmt-nix": {
      "inputs": {
        "nixpkgs": [
          "nixpkgs"
        ]
      },
      "locked": {
        "lastModified": 1725271838,
        "narHash": "sha256-VcqxWT0O/gMaeWTTjf1r4MOyG49NaNxW4GHTO3xuThE=",
        "owner": "numtide",
        "repo": "treefmt-nix",
        "rev": "9fb342d14b69aefdf46187f6bb80a4a0d97007cd",
        "type": "github"
      },
      "original": {
        "owner": "numtide",
        "repo": "treefmt-nix",
        "type": "github"
      }
    },
    "unxip-nix": {
      "inputs": {
        "command-line-tools-for-xcode-nix": "command-line-tools-for-xcode-nix",
        "flake-parts": [
          "xcode-nix",
          "flake-parts"
        ],
        "git-hooks": [
          "xcode-nix",
          "git-hooks"
        ],
        "nixpkgs": [
          "xcode-nix",
          "nixpkgs"
        ],
        "systems": [
          "xcode-nix",
          "systems"
        ],
        "treefmt-nix": [
          "xcode-nix",
          "treefmt-nix"
        ],
        "unxip-src": "unxip-src"
      },
      "locked": {
        "lastModified": 1726090019,
        "narHash": "sha256-WHq8upf+wbumgSOpCaYQcYhMR29ZqxdnycXCWKiWQwk=",
        "ref": "refs/heads/main",
        "rev": "3ec7d8efa33aa7b3432f4f4944473a0ad2d7d480",
        "revCount": 3,
        "type": "git",
        "url": "ssh://git@github.com/marksisson/unxip-nix"
      },
      "original": {
        "type": "git",
        "url": "ssh://git@github.com/marksisson/unxip-nix"
      }
    },
    "unxip-src": {
      "flake": false,
      "locked": {
        "lastModified": 1698549155,
        "narHash": "sha256-GpiJ4F+VMrVSgNACMuCTixWd32eco3eaSKZotP4INT8=",
        "owner": "saagarjha",
        "repo": "unxip",
        "rev": "aeb6160a8a8e8b2bdc2e0b9f747a4b941046c624",
        "type": "github"
      },
      "original": {
        "owner": "saagarjha",
        "ref": "v3.0",
        "repo": "unxip",
        "type": "github"
      }
    },
    "xcode-nix": {
      "inputs": {
        "flake-parts": [
          "flake-parts"
        ],
        "git-hooks": [
          "git-hooks"
        ],
        "nixpkgs": [
          "nixpkgs"
        ],
        "systems": [
          "systems"
        ],
        "treefmt-nix": [
          "treefmt-nix"
        ],
        "unxip-nix": "unxip-nix"
      },
      "locked": {
        "lastModified": 1726090511,
        "narHash": "sha256-8CEeqBtOG8N//S7hfLTDCKD8gts0uSislCMAzdCmkHE=",
        "ref": "refs/heads/main",
        "rev": "5f62b887544280249c97666eb19c05795941db95",
        "revCount": 16,
        "type": "git",
        "url": "ssh://git@github.com/marksisson/xcode-nix"
      },
      "original": {
        "type": "git",
        "url": "ssh://git@github.com/marksisson/xcode-nix"
      }
    }
  },
  "root": "root",
  "version": 7
}
